PODS:
  - AESHelper (1.1.1)
  - AFNetworking (3.2.1):
    - AFNetworking/NSURLSession (= 3.2.1)
    - AFNetworking/Reachability (= 3.2.1)
    - AFNetworking/Security (= 3.2.1)
    - AFNetworking/Serialization (= 3.2.1)
    - AFNetworking/UIKit (= 3.2.1)
  - AFNetworking/NSURLSession (3.2.1):
    - AFNetworking/Reachability
    - AFNetworking/Security
    - AFNetworking/Serialization
  - AFNetworking/Reachability (3.2.1)
  - AFNetworking/Security (3.2.1)
  - AFNetworking/Serialization (3.2.1)
  - FMDB (2.7.5):
    - FMDB/standard (= 2.7.5)
  - FMDB/standard (2.7.5)
  - GCDWebServer (3.5.3):
    - GCDWebServer/Core (= 3.5.3)
  - GCDWebServer/Core (3.5.3)
  - JSONModel (1.8.0)
  - Masonry (1.1.0)
  - PoporAFN (1.01):
    - AFNetworking
  - PoporFMDB (1.05):
    - FMDB
    - PoporFoundation/NSString
  - PoporFoundation (1.10):
    - PoporFoundation/KVO (= 1.10)
    - PoporFoundation/NSArray (= 1.10)
    - PoporFoundation/NSAssistant (= 1.10)
    - PoporFoundation/NSData (= 1.10)
    - PoporFoundation/NSDate (= 1.10)
    - PoporFoundation/NSDecimalNumber (= 1.10)
    - PoporFoundation/NSDictionary (= 1.10)
    - PoporFoundation/NSFileManager (= 1.10)
    - PoporFoundation/NSObject (= 1.10)
    - PoporFoundation/NSString (= 1.10)
    - PoporFoundation/NSURL (= 1.10)
    - PoporFoundation/Os (= 1.10)
    - PoporFoundation/Prefix (= 1.10)
  - PoporFoundation/KVO (1.10)
  - PoporFoundation/NSArray (1.10):
    - PoporFoundation/NSObject
    - PoporFoundation/Prefix
  - PoporFoundation/NSAssistant (1.10):
    - PoporFoundation/Os
    - PoporFoundation/Prefix
  - PoporFoundation/NSData (1.10)
  - PoporFoundation/NSDate (1.10):
    - PoporFoundation/NSString
  - PoporFoundation/NSDecimalNumber (1.10):
    - PoporFoundation/NSObject
  - PoporFoundation/NSDictionary (1.10):
    - PoporFoundation/NSObject
    - PoporFoundation/Prefix
  - PoporFoundation/NSFileManager (1.10)
  - PoporFoundation/NSObject (1.10)
  - PoporFoundation/NSString (1.10):
    - PoporFoundation/NSObject
    - PoporFoundation/Os
    - PoporFoundation/Prefix
  - PoporFoundation/NSURL (1.10):
    - PoporFoundation/NSObject
    - PoporFoundation/NSString
  - PoporFoundation/Os (1.10)
  - PoporFoundation/Prefix (1.10):
    - PoporFoundation/Os
  - PoporJsonModel (0.04):
    - JSONModel
    - PoporFoundation/NSObject
  - PoporQRCodeMacos (0.0.1)
  - ReactiveObjC (3.1.1)

DEPENDENCIES:
  - AESHelper
  - FMDB
  - GCDWebServer
  - JSONModel
  - Masonry
  - PoporAFN
  - PoporFMDB
  - PoporFoundation
  - PoporJsonModel
  - PoporQRCodeMacos
  - ReactiveObjC

SPEC REPOS:
  trunk:
    - AESHelper
    - AFNetworking
    - FMDB
    - GCDWebServer
    - JSONModel
    - Masonry
    - PoporAFN
    - PoporFMDB
    - PoporFoundation
    - PoporJsonModel
    - PoporQRCodeMacos
    - ReactiveObjC

SPEC CHECKSUMS:
  AESHelper: b0a21442657868a8dbf1355be8ab7cd88a3cc319
  AFNetworking: b6f891fdfaed196b46c7a83cf209e09697b94057
  FMDB: 2ce00b547f966261cd18927a3ddb07cb6f3db82a
  GCDWebServer: c0ab22c73e1b84f358d1e2f74bf6afd1c60829f2
  JSONModel: 02ab723958366a3fd27da57ea2af2113658762e9
  Masonry: 678fab65091a9290e40e2832a55e7ab731aad201
  PoporAFN: 81a1806c70329e70d697bbbb6255efc3582eed02
  PoporFMDB: 005cf1056eaa629d6a81b827ad947ee993791b16
  PoporFoundation: 18cf58a61dec95519227ad235ec3f46177653ff4
  PoporJsonModel: e99396194a9b629907e14a134fe01677ed14b560
  PoporQRCodeMacos: 0e070c3a43f5294b2eee36fa4781cd7fa35b4240
  ReactiveObjC: 011caa393aa0383245f2dcf9bf02e86b80b36040

PODFILE CHECKSUM: 8b4cd5c724d820d28e0d2b54503325e6b0b25e68

COCOAPODS: 1.9.0.beta.2
