// !$*UTF8*$!
{
	archiveVersion = 1;
	classes = {
	};
	objectVersion = 50;
	objects = {

/* Begin PBXBuildFile section */
		1807B32323B1BA1C0073A9E6 /* PnrWebBodyAdmin.m in Sources */ = {isa = PBXBuildFile; fileRef = 1807B32223B1BA1C0073A9E6 /* PnrWebBodyAdmin.m */; };
		182CE83B237CE2B200F33F61 /* PnrCellEntity.m in Sources */ = {isa = PBXBuildFile; fileRef = 182CE837237CE2B200F33F61 /* PnrCellEntity.m */; };
		182CE83C237CE2B200F33F61 /* PnrConfig.m in Sources */ = {isa = PBXBuildFile; fileRef = 182CE838237CE2B200F33F61 /* PnrConfig.m */; };
		182CE846237CE30F00F33F61 /* PnrWebJs.m in Sources */ = {isa = PBXBuildFile; fileRef = 182CE83F237CE30F00F33F61 /* PnrWebJs.m */; };
		182CE847237CE30F00F33F61 /* PnrWebCss.m in Sources */ = {isa = PBXBuildFile; fileRef = 182CE841237CE30F00F33F61 /* PnrWebCss.m */; };
		182CE848237CE30F00F33F61 /* PnrWebServer.m in Sources */ = {isa = PBXBuildFile; fileRef = 182CE842237CE30F00F33F61 /* PnrWebServer.m */; };
		182CE849237CE30F00F33F61 /* PnrWebBodyRecord.m in Sources */ = {isa = PBXBuildFile; fileRef = 182CE843237CE30F00F33F61 /* PnrWebBodyRecord.m */; };
		182CE851237CED9300F33F61 /* PoporNetRecord.m in Sources */ = {isa = PBXBuildFile; fileRef = 182CE84F237CED9300F33F61 /* PoporNetRecord.m */; };
		183BE874238B68F900885F6C /* NSButton+pDrawRect.m in Sources */ = {isa = PBXBuildFile; fileRef = 183BE873238B68F900885F6C /* NSButton+pDrawRect.m */; };
		183BE877238B770F00885F6C /* LLCustomBT.m in Sources */ = {isa = PBXBuildFile; fileRef = 183BE876238B770F00885F6C /* LLCustomBT.m */; };
		185FD51C23AB6B8E00F80949 /* PnrRequestTestEntity.m in Sources */ = {isa = PBXBuildFile; fileRef = 185FD51B23AB6B8E00F80949 /* PnrRequestTestEntity.m */; };
		1868BF6023B4646400CAEC33 /* PnrEntity.m in Sources */ = {isa = PBXBuildFile; fileRef = 1868BF5D23B4646400CAEC33 /* PnrEntity.m */; };
		1868BF6123B4646400CAEC33 /* PnrPortEntity.m in Sources */ = {isa = PBXBuildFile; fileRef = 1868BF5F23B4646400CAEC33 /* PnrPortEntity.m */; };
		18988F43238399CE00A1E082 /* icon.png in Resources */ = {isa = PBXBuildFile; fileRef = 18988F42238399CE00A1E082 /* icon.png */; };
		18988F452383C2C800A1E082 /* icon_16x16.png in Resources */ = {isa = PBXBuildFile; fileRef = 18988F442383C2C700A1E082 /* icon_16x16.png */; };
		18A06DEB237BCF7B0084506B /* AppDelegate.m in Sources */ = {isa = PBXBuildFile; fileRef = 18A06DEA237BCF7B0084506B /* AppDelegate.m */; };
		18A06DF0237BCF800084506B /* Assets.xcassets in Resources */ = {isa = PBXBuildFile; fileRef = 18A06DEF237BCF800084506B /* Assets.xcassets */; };
		18A06DF3237BCF800084506B /* Main.storyboard in Resources */ = {isa = PBXBuildFile; fileRef = 18A06DF1237BCF800084506B /* Main.storyboard */; };
		18A06DF6237BCF800084506B /* main.m in Sources */ = {isa = PBXBuildFile; fileRef = 18A06DF5237BCF800084506B /* main.m */; };
		18A06E15237BD1E20084506B /* WindowFrameTool.m in Sources */ = {isa = PBXBuildFile; fileRef = 18A06E03237BD1E10084506B /* WindowFrameTool.m */; };
		18A06E16237BD1E20084506B /* SqliteCofing.m in Sources */ = {isa = PBXBuildFile; fileRef = 18A06E06237BD1E10084506B /* SqliteCofing.m */; };
		18A06E17237BD1E20084506B /* NSBundle+Tool.m in Sources */ = {isa = PBXBuildFile; fileRef = 18A06E0D237BD1E20084506B /* NSBundle+Tool.m */; };
		18A06E18237BD1E20084506B /* iToast.m in Sources */ = {isa = PBXBuildFile; fileRef = 18A06E10237BD1E20084506B /* iToast.m */; };
		18A06E19237BD1E20084506B /* NSTask+shell.m in Sources */ = {isa = PBXBuildFile; fileRef = 18A06E13237BD1E20084506B /* NSTask+shell.m */; };
		18A06E2C237BE9380084506B /* RootVCInteractor.m in Sources */ = {isa = PBXBuildFile; fileRef = 18A06E23237BE9370084506B /* RootVCInteractor.m */; };
		18A06E2D237BE9380084506B /* RootVCPresenter.m in Sources */ = {isa = PBXBuildFile; fileRef = 18A06E26237BE9380084506B /* RootVCPresenter.m */; };
		18A06E2E237BE9380084506B /* RootVC.m in Sources */ = {isa = PBXBuildFile; fileRef = 18A06E2B237BE9380084506B /* RootVC.m */; };
		18A06E38237BECA90084506B /* ColumnEntity.m in Sources */ = {isa = PBXBuildFile; fileRef = 18A06E35237BECA90084506B /* ColumnEntity.m */; };
		18A06E3D237BEFFC0084506B /* ColumnTool.m in Sources */ = {isa = PBXBuildFile; fileRef = 18A06E3C237BEFFC0084506B /* ColumnTool.m */; };
		18A06E44237BFC320084506B /* EditableTextField.m in Sources */ = {isa = PBXBuildFile; fileRef = 18A06E42237BFC320084506B /* EditableTextField.m */; };
		18A06E47237C051F0084506B /* PnrDeviceEntity.m in Sources */ = {isa = PBXBuildFile; fileRef = 18A06E46237C051F0084506B /* PnrDeviceEntity.m */; };
		18B3D63C23D1635A0054CDD6 /* NSString+Base64.m in Sources */ = {isa = PBXBuildFile; fileRef = 18B3D63323D1635A0054CDD6 /* NSString+Base64.m */; };
		18B3D63E23D1635A0054CDD6 /* AESCrypt.m in Sources */ = {isa = PBXBuildFile; fileRef = 18B3D63523D1635A0054CDD6 /* AESCrypt.m */; };
		18B3D63F23D1635A0054CDD6 /* NSData+CommonCrypto.m in Sources */ = {isa = PBXBuildFile; fileRef = 18B3D63A23D1635A0054CDD6 /* NSData+CommonCrypto.m */; };
		18B3D64023D1635A0054CDD6 /* NSData+Base64.m in Sources */ = {isa = PBXBuildFile; fileRef = 18B3D63B23D1635A0054CDD6 /* NSData+Base64.m */; };
		18BAE79223826C3500BB6A3C /* NSView+Address.m in Sources */ = {isa = PBXBuildFile; fileRef = 18BAE79123826C3500BB6A3C /* NSView+Address.m */; };
		18C5D2E223ACC95C00C460DF /* PnrWebBodyTest.m in Sources */ = {isa = PBXBuildFile; fileRef = 18C5D2E123ACC95C00C460DF /* PnrWebBodyTest.m */; };
		18DF310A23C582CA006CE371 /* PnrWebBodyYcUrl.m in Sources */ = {isa = PBXBuildFile; fileRef = 18DF310923C582CA006CE371 /* PnrWebBodyYcUrl.m */; };
		18E3288E23B0943600DBCC27 /* PoporAppInfo.m in Sources */ = {isa = PBXBuildFile; fileRef = 18E3288D23B0943600DBCC27 /* PoporAppInfo.m */; };
		74A839F6FA65D6196019E5A1 /* libPods-PoporNetRecordMac.a in Frameworks */ = {isa = PBXBuildFile; fileRef = 24C01229C8FFA62A9E931675 /* libPods-PoporNetRecordMac.a */; };
/* End PBXBuildFile section */

/* Begin PBXFileReference section */
		1807B32123B1BA1C0073A9E6 /* PnrWebBodyAdmin.h */ = {isa = PBXFileReference; lastKnownFileType = sourcecode.c.h; path = PnrWebBodyAdmin.h; sourceTree = "<group>"; };
		1807B32223B1BA1C0073A9E6 /* PnrWebBodyAdmin.m */ = {isa = PBXFileReference; lastKnownFileType = sourcecode.c.objc; path = PnrWebBodyAdmin.m; sourceTree = "<group>"; };
		182CE830237CE2B200F33F61 /* PnrConfig.h */ = {isa = PBXFileReference; fileEncoding = 4; lastKnownFileType = sourcecode.c.h; path = PnrConfig.h; sourceTree = "<group>"; };
		182CE831237CE2B200F33F61 /* PnrCellEntity.h */ = {isa = PBXFileReference; fileEncoding = 4; lastKnownFileType = sourcecode.c.h; path = PnrCellEntity.h; sourceTree = "<group>"; };
		182CE834237CE2B200F33F61 /* PnrPrefix.h */ = {isa = PBXFileReference; fileEncoding = 4; lastKnownFileType = sourcecode.c.h; path = PnrPrefix.h; sourceTree = "<group>"; };
		182CE837237CE2B200F33F61 /* PnrCellEntity.m */ = {isa = PBXFileReference; fileEncoding = 4; lastKnownFileType = sourcecode.c.objc; path = PnrCellEntity.m; sourceTree = "<group>"; };
		182CE838237CE2B200F33F61 /* PnrConfig.m */ = {isa = PBXFileReference; fileEncoding = 4; lastKnownFileType = sourcecode.c.objc; path = PnrConfig.m; sourceTree = "<group>"; };
		182CE83E237CE30F00F33F61 /* PnrWebServer.h */ = {isa = PBXFileReference; fileEncoding = 4; lastKnownFileType = sourcecode.c.h; path = PnrWebServer.h; sourceTree = "<group>"; };
		182CE83F237CE30F00F33F61 /* PnrWebJs.m */ = {isa = PBXFileReference; fileEncoding = 4; lastKnownFileType = sourcecode.c.objc; path = PnrWebJs.m; sourceTree = "<group>"; };
		182CE840237CE30F00F33F61 /* PnrWebBodyRecord.h */ = {isa = PBXFileReference; fileEncoding = 4; lastKnownFileType = sourcecode.c.h; path = PnrWebBodyRecord.h; sourceTree = "<group>"; };
		182CE841237CE30F00F33F61 /* PnrWebCss.m */ = {isa = PBXFileReference; fileEncoding = 4; lastKnownFileType = sourcecode.c.objc; path = PnrWebCss.m; sourceTree = "<group>"; };
		182CE842237CE30F00F33F61 /* PnrWebServer.m */ = {isa = PBXFileReference; fileEncoding = 4; lastKnownFileType = sourcecode.c.objc; path = PnrWebServer.m; sourceTree = "<group>"; };
		182CE843237CE30F00F33F61 /* PnrWebBodyRecord.m */ = {isa = PBXFileReference; fileEncoding = 4; lastKnownFileType = sourcecode.c.objc; path = PnrWebBodyRecord.m; sourceTree = "<group>"; };
		182CE844237CE30F00F33F61 /* PnrWebJs.h */ = {isa = PBXFileReference; fileEncoding = 4; lastKnownFileType = sourcecode.c.h; path = PnrWebJs.h; sourceTree = "<group>"; };
		182CE845237CE30F00F33F61 /* PnrWebCss.h */ = {isa = PBXFileReference; fileEncoding = 4; lastKnownFileType = sourcecode.c.h; path = PnrWebCss.h; sourceTree = "<group>"; };
		182CE84F237CED9300F33F61 /* PoporNetRecord.m */ = {isa = PBXFileReference; fileEncoding = 4; lastKnownFileType = sourcecode.c.objc; path = PoporNetRecord.m; sourceTree = "<group>"; };
		182CE850237CED9300F33F61 /* PoporNetRecord.h */ = {isa = PBXFileReference; fileEncoding = 4; lastKnownFileType = sourcecode.c.h; path = PoporNetRecord.h; sourceTree = "<group>"; };
		183BE872238B68F900885F6C /* NSButton+pDrawRect.h */ = {isa = PBXFileReference; lastKnownFileType = sourcecode.c.h; path = "NSButton+pDrawRect.h"; sourceTree = "<group>"; };
		183BE873238B68F900885F6C /* NSButton+pDrawRect.m */ = {isa = PBXFileReference; lastKnownFileType = sourcecode.c.objc; path = "NSButton+pDrawRect.m"; sourceTree = "<group>"; };
		183BE875238B770F00885F6C /* LLCustomBT.h */ = {isa = PBXFileReference; lastKnownFileType = sourcecode.c.h; path = LLCustomBT.h; sourceTree = "<group>"; };
		183BE876238B770F00885F6C /* LLCustomBT.m */ = {isa = PBXFileReference; lastKnownFileType = sourcecode.c.objc; path = LLCustomBT.m; sourceTree = "<group>"; };
		185FD51A23AB6B8E00F80949 /* PnrRequestTestEntity.h */ = {isa = PBXFileReference; lastKnownFileType = sourcecode.c.h; path = PnrRequestTestEntity.h; sourceTree = "<group>"; };
		185FD51B23AB6B8E00F80949 /* PnrRequestTestEntity.m */ = {isa = PBXFileReference; lastKnownFileType = sourcecode.c.objc; path = PnrRequestTestEntity.m; sourceTree = "<group>"; };
		1868BF5C23B4646400CAEC33 /* PnrEntity.h */ = {isa = PBXFileReference; fileEncoding = 4; lastKnownFileType = sourcecode.c.h; path = PnrEntity.h; sourceTree = "<group>"; };
		1868BF5D23B4646400CAEC33 /* PnrEntity.m */ = {isa = PBXFileReference; fileEncoding = 4; lastKnownFileType = sourcecode.c.objc; path = PnrEntity.m; sourceTree = "<group>"; };
		1868BF5E23B4646400CAEC33 /* PnrPortEntity.h */ = {isa = PBXFileReference; fileEncoding = 4; lastKnownFileType = sourcecode.c.h; path = PnrPortEntity.h; sourceTree = "<group>"; };
		1868BF5F23B4646400CAEC33 /* PnrPortEntity.m */ = {isa = PBXFileReference; fileEncoding = 4; lastKnownFileType = sourcecode.c.objc; path = PnrPortEntity.m; sourceTree = "<group>"; };
		18988F42238399CE00A1E082 /* icon.png */ = {isa = PBXFileReference; lastKnownFileType = image.png; path = icon.png; sourceTree = "<group>"; };
		18988F442383C2C700A1E082 /* icon_16x16.png */ = {isa = PBXFileReference; lastKnownFileType = image.png; path = icon_16x16.png; sourceTree = "<group>"; };
		18A06DE6237BCF7B0084506B /* PoporNetRecordMac.app */ = {isa = PBXFileReference; explicitFileType = wrapper.application; includeInIndex = 0; path = PoporNetRecordMac.app; sourceTree = BUILT_PRODUCTS_DIR; };
		18A06DE9237BCF7B0084506B /* AppDelegate.h */ = {isa = PBXFileReference; lastKnownFileType = sourcecode.c.h; path = AppDelegate.h; sourceTree = "<group>"; };
		18A06DEA237BCF7B0084506B /* AppDelegate.m */ = {isa = PBXFileReference; lastKnownFileType = sourcecode.c.objc; path = AppDelegate.m; sourceTree = "<group>"; };
		18A06DEF237BCF800084506B /* Assets.xcassets */ = {isa = PBXFileReference; lastKnownFileType = folder.assetcatalog; path = Assets.xcassets; sourceTree = "<group>"; };
		18A06DF2237BCF800084506B /* Base */ = {isa = PBXFileReference; lastKnownFileType = file.storyboard; name = Base; path = Base.lproj/Main.storyboard; sourceTree = "<group>"; };
		18A06DF4237BCF800084506B /* Info.plist */ = {isa = PBXFileReference; lastKnownFileType = text.plist.xml; path = Info.plist; sourceTree = "<group>"; };
		18A06DF5237BCF800084506B /* main.m */ = {isa = PBXFileReference; lastKnownFileType = sourcecode.c.objc; path = main.m; sourceTree = "<group>"; };
		18A06DF7237BCF800084506B /* PoporNetRecordMac.entitlements */ = {isa = PBXFileReference; lastKnownFileType = text.plist.entitlements; path = PoporNetRecordMac.entitlements; sourceTree = "<group>"; };
		18A06E03237BD1E10084506B /* WindowFrameTool.m */ = {isa = PBXFileReference; fileEncoding = 4; lastKnownFileType = sourcecode.c.objc; path = WindowFrameTool.m; sourceTree = "<group>"; };
		18A06E04237BD1E10084506B /* WindowFrameTool.h */ = {isa = PBXFileReference; fileEncoding = 4; lastKnownFileType = sourcecode.c.h; path = WindowFrameTool.h; sourceTree = "<group>"; };
		18A06E06237BD1E10084506B /* SqliteCofing.m */ = {isa = PBXFileReference; fileEncoding = 4; lastKnownFileType = sourcecode.c.objc; path = SqliteCofing.m; sourceTree = "<group>"; };
		18A06E07237BD1E10084506B /* SqliteCofing.h */ = {isa = PBXFileReference; fileEncoding = 4; lastKnownFileType = sourcecode.c.h; path = SqliteCofing.h; sourceTree = "<group>"; };
		18A06E08237BD1E10084506B /* SqlitePrifix.h */ = {isa = PBXFileReference; fileEncoding = 4; lastKnownFileType = sourcecode.c.h; path = SqlitePrifix.h; sourceTree = "<group>"; };
		18A06E0C237BD1E20084506B /* NSBundle+Tool.h */ = {isa = PBXFileReference; fileEncoding = 4; lastKnownFileType = sourcecode.c.h; path = "NSBundle+Tool.h"; sourceTree = "<group>"; };
		18A06E0D237BD1E20084506B /* NSBundle+Tool.m */ = {isa = PBXFileReference; fileEncoding = 4; lastKnownFileType = sourcecode.c.objc; path = "NSBundle+Tool.m"; sourceTree = "<group>"; };
		18A06E0F237BD1E20084506B /* iToast.h */ = {isa = PBXFileReference; fileEncoding = 4; lastKnownFileType = sourcecode.c.h; path = iToast.h; sourceTree = "<group>"; };
		18A06E10237BD1E20084506B /* iToast.m */ = {isa = PBXFileReference; fileEncoding = 4; lastKnownFileType = sourcecode.c.objc; path = iToast.m; sourceTree = "<group>"; };
		18A06E12237BD1E20084506B /* NSTask+shell.h */ = {isa = PBXFileReference; fileEncoding = 4; lastKnownFileType = sourcecode.c.h; path = "NSTask+shell.h"; sourceTree = "<group>"; };
		18A06E13237BD1E20084506B /* NSTask+shell.m */ = {isa = PBXFileReference; fileEncoding = 4; lastKnownFileType = sourcecode.c.objc; path = "NSTask+shell.m"; sourceTree = "<group>"; };
		18A06E14237BD1E20084506B /* NSView_prefix.h */ = {isa = PBXFileReference; fileEncoding = 4; lastKnownFileType = sourcecode.c.h; path = NSView_prefix.h; sourceTree = "<group>"; };
		18A06E1A237BD39A0084506B /* PoporNetRecordMac_prefix.h */ = {isa = PBXFileReference; lastKnownFileType = sourcecode.c.h; path = PoporNetRecordMac_prefix.h; sourceTree = "<group>"; };
		18A06E23237BE9370084506B /* RootVCInteractor.m */ = {isa = PBXFileReference; fileEncoding = 4; lastKnownFileType = sourcecode.c.objc; path = RootVCInteractor.m; sourceTree = "<group>"; };
		18A06E24237BE9370084506B /* RootVCInteractor.h */ = {isa = PBXFileReference; fileEncoding = 4; lastKnownFileType = sourcecode.c.h; path = RootVCInteractor.h; sourceTree = "<group>"; };
		18A06E26237BE9380084506B /* RootVCPresenter.m */ = {isa = PBXFileReference; fileEncoding = 4; lastKnownFileType = sourcecode.c.objc; path = RootVCPresenter.m; sourceTree = "<group>"; };
		18A06E27237BE9380084506B /* RootVCPresenter.h */ = {isa = PBXFileReference; fileEncoding = 4; lastKnownFileType = sourcecode.c.h; path = RootVCPresenter.h; sourceTree = "<group>"; };
		18A06E29237BE9380084506B /* RootVC.h */ = {isa = PBXFileReference; fileEncoding = 4; lastKnownFileType = sourcecode.c.h; path = RootVC.h; sourceTree = "<group>"; };
		18A06E2A237BE9380084506B /* RootVCProtocol.h */ = {isa = PBXFileReference; fileEncoding = 4; lastKnownFileType = sourcecode.c.h; path = RootVCProtocol.h; sourceTree = "<group>"; };
		18A06E2B237BE9380084506B /* RootVC.m */ = {isa = PBXFileReference; fileEncoding = 4; lastKnownFileType = sourcecode.c.objc; path = RootVC.m; sourceTree = "<group>"; };
		18A06E32237BECA90084506B /* ColumnEntity.h */ = {isa = PBXFileReference; fileEncoding = 4; lastKnownFileType = sourcecode.c.h; path = ColumnEntity.h; sourceTree = "<group>"; };
		18A06E35237BECA90084506B /* ColumnEntity.m */ = {isa = PBXFileReference; fileEncoding = 4; lastKnownFileType = sourcecode.c.objc; path = ColumnEntity.m; sourceTree = "<group>"; };
		18A06E3B237BEFFC0084506B /* ColumnTool.h */ = {isa = PBXFileReference; lastKnownFileType = sourcecode.c.h; path = ColumnTool.h; sourceTree = "<group>"; };
		18A06E3C237BEFFC0084506B /* ColumnTool.m */ = {isa = PBXFileReference; lastKnownFileType = sourcecode.c.objc; path = ColumnTool.m; sourceTree = "<group>"; };
		18A06E40237BFC320084506B /* EditableTextField.h */ = {isa = PBXFileReference; fileEncoding = 4; lastKnownFileType = sourcecode.c.h; path = EditableTextField.h; sourceTree = "<group>"; };
		18A06E42237BFC320084506B /* EditableTextField.m */ = {isa = PBXFileReference; fileEncoding = 4; lastKnownFileType = sourcecode.c.objc; path = EditableTextField.m; sourceTree = "<group>"; };
		18A06E45237C051F0084506B /* PnrDeviceEntity.h */ = {isa = PBXFileReference; lastKnownFileType = sourcecode.c.h; path = PnrDeviceEntity.h; sourceTree = "<group>"; };
		18A06E46237C051F0084506B /* PnrDeviceEntity.m */ = {isa = PBXFileReference; lastKnownFileType = sourcecode.c.objc; path = PnrDeviceEntity.m; sourceTree = "<group>"; };
		18A0C8CE238502F800B29401 /* PnrValuePrifix.h */ = {isa = PBXFileReference; lastKnownFileType = sourcecode.c.h; path = PnrValuePrifix.h; sourceTree = "<group>"; };
		18AFBA082387B7F900A2D12E /* work list.txt */ = {isa = PBXFileReference; lastKnownFileType = text; path = "work list.txt"; sourceTree = "<group>"; };
		18B3D63323D1635A0054CDD6 /* NSString+Base64.m */ = {isa = PBXFileReference; fileEncoding = 4; lastKnownFileType = sourcecode.c.objc; path = "NSString+Base64.m"; sourceTree = "<group>"; };
		18B3D63523D1635A0054CDD6 /* AESCrypt.m */ = {isa = PBXFileReference; fileEncoding = 4; lastKnownFileType = sourcecode.c.objc; path = AESCrypt.m; sourceTree = "<group>"; };
		18B3D63623D1635A0054CDD6 /* NSData+Base64.h */ = {isa = PBXFileReference; fileEncoding = 4; lastKnownFileType = sourcecode.c.h; path = "NSData+Base64.h"; sourceTree = "<group>"; };
		18B3D63723D1635A0054CDD6 /* NSData+CommonCrypto.h */ = {isa = PBXFileReference; fileEncoding = 4; lastKnownFileType = sourcecode.c.h; path = "NSData+CommonCrypto.h"; sourceTree = "<group>"; };
		18B3D63823D1635A0054CDD6 /* AESCrypt.h */ = {isa = PBXFileReference; fileEncoding = 4; lastKnownFileType = sourcecode.c.h; path = AESCrypt.h; sourceTree = "<group>"; };
		18B3D63923D1635A0054CDD6 /* NSString+Base64.h */ = {isa = PBXFileReference; fileEncoding = 4; lastKnownFileType = sourcecode.c.h; path = "NSString+Base64.h"; sourceTree = "<group>"; };
		18B3D63A23D1635A0054CDD6 /* NSData+CommonCrypto.m */ = {isa = PBXFileReference; fileEncoding = 4; lastKnownFileType = sourcecode.c.objc; path = "NSData+CommonCrypto.m"; sourceTree = "<group>"; };
		18B3D63B23D1635A0054CDD6 /* NSData+Base64.m */ = {isa = PBXFileReference; fileEncoding = 4; lastKnownFileType = sourcecode.c.objc; path = "NSData+Base64.m"; sourceTree = "<group>"; };
		18BAE79023826C3500BB6A3C /* NSView+Address.h */ = {isa = PBXFileReference; lastKnownFileType = sourcecode.c.h; path = "NSView+Address.h"; sourceTree = "<group>"; };
		18BAE79123826C3500BB6A3C /* NSView+Address.m */ = {isa = PBXFileReference; lastKnownFileType = sourcecode.c.objc; path = "NSView+Address.m"; sourceTree = "<group>"; };
		18C5D2E023ACC95C00C460DF /* PnrWebBodyTest.h */ = {isa = PBXFileReference; lastKnownFileType = sourcecode.c.h; path = PnrWebBodyTest.h; sourceTree = "<group>"; };
		18C5D2E123ACC95C00C460DF /* PnrWebBodyTest.m */ = {isa = PBXFileReference; lastKnownFileType = sourcecode.c.objc; path = PnrWebBodyTest.m; sourceTree = "<group>"; };
		18DF310823C582CA006CE371 /* PnrWebBodyYcUrl.h */ = {isa = PBXFileReference; lastKnownFileType = sourcecode.c.h; path = PnrWebBodyYcUrl.h; sourceTree = "<group>"; };
		18DF310923C582CA006CE371 /* PnrWebBodyYcUrl.m */ = {isa = PBXFileReference; lastKnownFileType = sourcecode.c.objc; path = PnrWebBodyYcUrl.m; sourceTree = "<group>"; };
		18E3288C23B0943600DBCC27 /* PoporAppInfo.h */ = {isa = PBXFileReference; lastKnownFileType = sourcecode.c.h; path = PoporAppInfo.h; sourceTree = "<group>"; };
		18E3288D23B0943600DBCC27 /* PoporAppInfo.m */ = {isa = PBXFileReference; lastKnownFileType = sourcecode.c.objc; path = PoporAppInfo.m; sourceTree = "<group>"; };
		24C01229C8FFA62A9E931675 /* libPods-PoporNetRecordMac.a */ = {isa = PBXFileReference; explicitFileType = archive.ar; includeInIndex = 0; path = "libPods-PoporNetRecordMac.a"; sourceTree = BUILT_PRODUCTS_DIR; };
		272A82FDE599135FF461AD1C /* Pods-PoporNetRecordMac.debug.xcconfig */ = {isa = PBXFileReference; includeInIndex = 1; lastKnownFileType = text.xcconfig; name = "Pods-PoporNetRecordMac.debug.xcconfig"; path = "Target Support Files/Pods-PoporNetRecordMac/Pods-PoporNetRecordMac.debug.xcconfig"; sourceTree = "<group>"; };
		D329B8CD1C3EC314B48AB38C /* Pods-PoporNetRecordMac.release.xcconfig */ = {isa = PBXFileReference; includeInIndex = 1; lastKnownFileType = text.xcconfig; name = "Pods-PoporNetRecordMac.release.xcconfig"; path = "Target Support Files/Pods-PoporNetRecordMac/Pods-PoporNetRecordMac.release.xcconfig"; sourceTree = "<group>"; };
/* End PBXFileReference section */

/* Begin PBXFrameworksBuildPhase section */
		18A06DE3237BCF7B0084506B /* Frameworks */ = {
			isa = PBXFrameworksBuildPhase;
			buildActionMask = 2147483647;
			files = (
				74A839F6FA65D6196019E5A1 /* libPods-PoporNetRecordMac.a in Frameworks */,
			);
			runOnlyForDeploymentPostprocessing = 0;
		};
/* End PBXFrameworksBuildPhase section */

/* Begin PBXGroup section */
		182CE82F237CE2B200F33F61 /* Entity */ = {
			isa = PBXGroup;
			children = (
				182CE834237CE2B200F33F61 /* PnrPrefix.h */,
				182CE830237CE2B200F33F61 /* PnrConfig.h */,
				182CE838237CE2B200F33F61 /* PnrConfig.m */,
				182CE831237CE2B200F33F61 /* PnrCellEntity.h */,
				182CE837237CE2B200F33F61 /* PnrCellEntity.m */,
			);
			path = Entity;
			sourceTree = "<group>";
		};
		182CE84D237CE8FB00F33F61 /* db */ = {
			isa = PBXGroup;
			children = (
				18A06E32237BECA90084506B /* ColumnEntity.h */,
				18A06E35237BECA90084506B /* ColumnEntity.m */,
				18A06E3B237BEFFC0084506B /* ColumnTool.h */,
				18A06E3C237BEFFC0084506B /* ColumnTool.m */,
			);
			path = db;
			sourceTree = "<group>";
		};
		182CE84E237CED9300F33F61 /* PNR */ = {
			isa = PBXGroup;
			children = (
				182CE850237CED9300F33F61 /* PoporNetRecord.h */,
				182CE84F237CED9300F33F61 /* PoporNetRecord.m */,
			);
			path = PNR;
			sourceTree = "<group>";
		};
		18988F41238399C300A1E082 /* media */ = {
			isa = PBXGroup;
			children = (
				18988F442383C2C700A1E082 /* icon_16x16.png */,
				18988F42238399CE00A1E082 /* icon.png */,
			);
			path = media;
			sourceTree = "<group>";
		};
		18A06DDD237BCF7A0084506B = {
			isa = PBXGroup;
			children = (
				18A06DE8237BCF7B0084506B /* PoporNetRecordMac */,
				18A06DE7237BCF7B0084506B /* Products */,
				3F8697B23CB42847C230D635 /* Pods */,
				4544AFA581558313161E03BF /* Frameworks */,
			);
			sourceTree = "<group>";
		};
		18A06DE7237BCF7B0084506B /* Products */ = {
			isa = PBXGroup;
			children = (
				18A06DE6237BCF7B0084506B /* PoporNetRecordMac.app */,
			);
			name = Products;
			sourceTree = "<group>";
		};
		18A06DE8237BCF7B0084506B /* PoporNetRecordMac */ = {
			isa = PBXGroup;
			children = (
				18AFBA082387B7F900A2D12E /* work list.txt */,
				18988F41238399C300A1E082 /* media */,
				18A06E09237BD1E20084506B /* common */,
				18A06E01237BD1E10084506B /* Config */,
				18A06E3A237BEFE20084506B /* Tool */,
				18A06DFD237BCF8D0084506B /* other */,
				18A06DFF237BCFA50084506B /* App */,
				18A06E00237BCFAC0084506B /* RootVC */,
			);
			path = PoporNetRecordMac;
			sourceTree = "<group>";
		};
		18A06DFD237BCF8D0084506B /* other */ = {
			isa = PBXGroup;
			children = (
				18A06DEF237BCF800084506B /* Assets.xcassets */,
				18A06DF1237BCF800084506B /* Main.storyboard */,
				18A06DF4237BCF800084506B /* Info.plist */,
				18A06DF5237BCF800084506B /* main.m */,
				18A06DF7237BCF800084506B /* PoporNetRecordMac.entitlements */,
				18A06E1A237BD39A0084506B /* PoporNetRecordMac_prefix.h */,
			);
			name = other;
			sourceTree = "<group>";
		};
		18A06DFF237BCFA50084506B /* App */ = {
			isa = PBXGroup;
			children = (
				18E3288B23B0940E00DBCC27 /* AppTool */,
				18A06DE9237BCF7B0084506B /* AppDelegate.h */,
				18A06DEA237BCF7B0084506B /* AppDelegate.m */,
			);
			path = App;
			sourceTree = "<group>";
		};
		18A06E00237BCFAC0084506B /* RootVC */ = {
			isa = PBXGroup;
			children = (
				182CE82F237CE2B200F33F61 /* Entity */,
				18A06E28237BE9380084506B /* View */,
				18A06E25237BE9380084506B /* Presenter */,
				18A06E22237BE9370084506B /* Interactor */,
			);
			path = RootVC;
			sourceTree = "<group>";
		};
		18A06E01237BD1E10084506B /* Config */ = {
			isa = PBXGroup;
			children = (
				18A06E02237BD1E10084506B /* WindowFrameTool */,
				18A06E05237BD1E10084506B /* SqliteCofing */,
			);
			path = Config;
			sourceTree = "<group>";
		};
		18A06E02237BD1E10084506B /* WindowFrameTool */ = {
			isa = PBXGroup;
			children = (
				18A06E04237BD1E10084506B /* WindowFrameTool.h */,
				18A06E03237BD1E10084506B /* WindowFrameTool.m */,
			);
			path = WindowFrameTool;
			sourceTree = "<group>";
		};
		18A06E05237BD1E10084506B /* SqliteCofing */ = {
			isa = PBXGroup;
			children = (
				18A06E08237BD1E10084506B /* SqlitePrifix.h */,
				18A06E07237BD1E10084506B /* SqliteCofing.h */,
				18A06E06237BD1E10084506B /* SqliteCofing.m */,
			);
			path = SqliteCofing;
			sourceTree = "<group>";
		};
		18A06E09237BD1E20084506B /* common */ = {
			isa = PBXGroup;
			children = (
				18B3D63223D1635A0054CDD6 /* Aes */,
				18A06E0A237BD1E20084506B /* NSView */,
			);
			path = common;
			sourceTree = "<group>";
		};
		18A06E0A237BD1E20084506B /* NSView */ = {
			isa = PBXGroup;
			children = (
				18A06E14237BD1E20084506B /* NSView_prefix.h */,
				18A06E0B237BD1E20084506B /* NSBundle */,
				18A06E0E237BD1E20084506B /* iToast */,
				18A06E11237BD1E20084506B /* NSTask_shell */,
			);
			path = NSView;
			sourceTree = "<group>";
		};
		18A06E0B237BD1E20084506B /* NSBundle */ = {
			isa = PBXGroup;
			children = (
				18A06E0C237BD1E20084506B /* NSBundle+Tool.h */,
				18A06E0D237BD1E20084506B /* NSBundle+Tool.m */,
			);
			path = NSBundle;
			sourceTree = "<group>";
		};
		18A06E0E237BD1E20084506B /* iToast */ = {
			isa = PBXGroup;
			children = (
				18A06E0F237BD1E20084506B /* iToast.h */,
				18A06E10237BD1E20084506B /* iToast.m */,
			);
			path = iToast;
			sourceTree = "<group>";
		};
		18A06E11237BD1E20084506B /* NSTask_shell */ = {
			isa = PBXGroup;
			children = (
				18A06E12237BD1E20084506B /* NSTask+shell.h */,
				18A06E13237BD1E20084506B /* NSTask+shell.m */,
			);
			path = NSTask_shell;
			sourceTree = "<group>";
		};
		18A06E22237BE9370084506B /* Interactor */ = {
			isa = PBXGroup;
			children = (
				18A06E24237BE9370084506B /* RootVCInteractor.h */,
				18A06E23237BE9370084506B /* RootVCInteractor.m */,
			);
			path = Interactor;
			sourceTree = "<group>";
		};
		18A06E25237BE9380084506B /* Presenter */ = {
			isa = PBXGroup;
			children = (
				18A06E27237BE9380084506B /* RootVCPresenter.h */,
				18A06E26237BE9380084506B /* RootVCPresenter.m */,
			);
			path = Presenter;
			sourceTree = "<group>";
		};
		18A06E28237BE9380084506B /* View */ = {
			isa = PBXGroup;
			children = (
				18A06E3E237BFC320084506B /* cell */,
				18A06E29237BE9380084506B /* RootVC.h */,
				18A06E2B237BE9380084506B /* RootVC.m */,
				18A06E2A237BE9380084506B /* RootVCProtocol.h */,
			);
			path = View;
			sourceTree = "<group>";
		};
		18A06E2F237BECA90084506B /* pnr */ = {
			isa = PBXGroup;
			children = (
				1868BF5C23B4646400CAEC33 /* PnrEntity.h */,
				1868BF5D23B4646400CAEC33 /* PnrEntity.m */,
				1868BF5E23B4646400CAEC33 /* PnrPortEntity.h */,
				1868BF5F23B4646400CAEC33 /* PnrPortEntity.m */,
				18A06E45237C051F0084506B /* PnrDeviceEntity.h */,
				18A06E46237C051F0084506B /* PnrDeviceEntity.m */,
				185FD51A23AB6B8E00F80949 /* PnrRequestTestEntity.h */,
				185FD51B23AB6B8E00F80949 /* PnrRequestTestEntity.m */,
			);
			path = pnr;
			sourceTree = "<group>";
		};
		18A06E3A237BEFE20084506B /* Tool */ = {
			isa = PBXGroup;
			children = (
				18A0C8CE238502F800B29401 /* PnrValuePrifix.h */,
				18DF311323C5A648006CE371 /* entity */,
				182CE84E237CED9300F33F61 /* PNR */,
				18DF311223C5A605006CE371 /* server */,
				18DF311123C5A600006CE371 /* css */,
				18DF311023C5A5F9006CE371 /* js */,
				18DF310B23C5A597006CE371 /* body */,
			);
			path = Tool;
			sourceTree = "<group>";
		};
		18A06E3E237BFC320084506B /* cell */ = {
			isa = PBXGroup;
			children = (
				18A06E40237BFC320084506B /* EditableTextField.h */,
				18A06E42237BFC320084506B /* EditableTextField.m */,
				18BAE79023826C3500BB6A3C /* NSView+Address.h */,
				18BAE79123826C3500BB6A3C /* NSView+Address.m */,
				183BE872238B68F900885F6C /* NSButton+pDrawRect.h */,
				183BE873238B68F900885F6C /* NSButton+pDrawRect.m */,
				183BE875238B770F00885F6C /* LLCustomBT.h */,
				183BE876238B770F00885F6C /* LLCustomBT.m */,
			);
			path = cell;
			sourceTree = "<group>";
		};
		18B3D63223D1635A0054CDD6 /* Aes */ = {
			isa = PBXGroup;
			children = (
				18B3D63823D1635A0054CDD6 /* AESCrypt.h */,
				18B3D63523D1635A0054CDD6 /* AESCrypt.m */,
				18B3D63623D1635A0054CDD6 /* NSData+Base64.h */,
				18B3D63B23D1635A0054CDD6 /* NSData+Base64.m */,
				18B3D63923D1635A0054CDD6 /* NSString+Base64.h */,
				18B3D63323D1635A0054CDD6 /* NSString+Base64.m */,
				18B3D63723D1635A0054CDD6 /* NSData+CommonCrypto.h */,
				18B3D63A23D1635A0054CDD6 /* NSData+CommonCrypto.m */,
			);
			path = Aes;
			sourceTree = "<group>";
		};
		18DF310B23C5A597006CE371 /* body */ = {
			isa = PBXGroup;
			children = (
				18DF310F23C5A5BC006CE371 /* admin */,
				18DF310E23C5A5B7006CE371 /* record */,
				18DF310D23C5A5B4006CE371 /* test */,
				18DF310C23C5A5AF006CE371 /* ycUrl */,
			);
			path = body;
			sourceTree = "<group>";
		};
		18DF310C23C5A5AF006CE371 /* ycUrl */ = {
			isa = PBXGroup;
			children = (
				18DF310823C582CA006CE371 /* PnrWebBodyYcUrl.h */,
				18DF310923C582CA006CE371 /* PnrWebBodyYcUrl.m */,
			);
			path = ycUrl;
			sourceTree = "<group>";
		};
		18DF310D23C5A5B4006CE371 /* test */ = {
			isa = PBXGroup;
			children = (
				18C5D2E023ACC95C00C460DF /* PnrWebBodyTest.h */,
				18C5D2E123ACC95C00C460DF /* PnrWebBodyTest.m */,
			);
			path = test;
			sourceTree = "<group>";
		};
		18DF310E23C5A5B7006CE371 /* record */ = {
			isa = PBXGroup;
			children = (
				182CE840237CE30F00F33F61 /* PnrWebBodyRecord.h */,
				182CE843237CE30F00F33F61 /* PnrWebBodyRecord.m */,
			);
			path = record;
			sourceTree = "<group>";
		};
		18DF310F23C5A5BC006CE371 /* admin */ = {
			isa = PBXGroup;
			children = (
				1807B32123B1BA1C0073A9E6 /* PnrWebBodyAdmin.h */,
				1807B32223B1BA1C0073A9E6 /* PnrWebBodyAdmin.m */,
			);
			path = admin;
			sourceTree = "<group>";
		};
		18DF311023C5A5F9006CE371 /* js */ = {
			isa = PBXGroup;
			children = (
				182CE844237CE30F00F33F61 /* PnrWebJs.h */,
				182CE83F237CE30F00F33F61 /* PnrWebJs.m */,
			);
			path = js;
			sourceTree = "<group>";
		};
		18DF311123C5A600006CE371 /* css */ = {
			isa = PBXGroup;
			children = (
				182CE845237CE30F00F33F61 /* PnrWebCss.h */,
				182CE841237CE30F00F33F61 /* PnrWebCss.m */,
			);
			path = css;
			sourceTree = "<group>";
		};
		18DF311223C5A605006CE371 /* server */ = {
			isa = PBXGroup;
			children = (
				182CE83E237CE30F00F33F61 /* PnrWebServer.h */,
				182CE842237CE30F00F33F61 /* PnrWebServer.m */,
			);
			path = server;
			sourceTree = "<group>";
		};
		18DF311323C5A648006CE371 /* entity */ = {
			isa = PBXGroup;
			children = (
				182CE84D237CE8FB00F33F61 /* db */,
				18A06E2F237BECA90084506B /* pnr */,
			);
			path = entity;
			sourceTree = "<group>";
		};
		18E3288B23B0940E00DBCC27 /* AppTool */ = {
			isa = PBXGroup;
			children = (
				18E3288C23B0943600DBCC27 /* PoporAppInfo.h */,
				18E3288D23B0943600DBCC27 /* PoporAppInfo.m */,
			);
			path = AppTool;
			sourceTree = "<group>";
		};
		3F8697B23CB42847C230D635 /* Pods */ = {
			isa = PBXGroup;
			children = (
				272A82FDE599135FF461AD1C /* Pods-PoporNetRecordMac.debug.xcconfig */,
				D329B8CD1C3EC314B48AB38C /* Pods-PoporNetRecordMac.release.xcconfig */,
			);
			path = Pods;
			sourceTree = "<group>";
		};
		4544AFA581558313161E03BF /* Frameworks */ = {
			isa = PBXGroup;
			children = (
				24C01229C8FFA62A9E931675 /* libPods-PoporNetRecordMac.a */,
			);
			name = Frameworks;
			sourceTree = "<group>";
		};
/* End PBXGroup section */

/* Begin PBXNativeTarget section */
		18A06DE5237BCF7B0084506B /* PoporNetRecordMac */ = {
			isa = PBXNativeTarget;
			buildConfigurationList = 18A06DFA237BCF800084506B /* Build configuration list for PBXNativeTarget "PoporNetRecordMac" */;
			buildPhases = (
				EABF08B32336166AC9DA3588 /* [CP] Check Pods Manifest.lock */,
				18A06DE2237BCF7B0084506B /* Sources */,
				18A06DE3237BCF7B0084506B /* Frameworks */,
				18A06DE4237BCF7B0084506B /* Resources */,
			);
			buildRules = (
			);
			dependencies = (
			);
			name = PoporNetRecordMac;
			productName = PoporNetRecordMac;
			productReference = 18A06DE6237BCF7B0084506B /* PoporNetRecordMac.app */;
			productType = "com.apple.product-type.application";
		};
/* End PBXNativeTarget section */

/* Begin PBXProject section */
		18A06DDE237BCF7A0084506B /* Project object */ = {
			isa = PBXProject;
			attributes = {
				LastUpgradeCheck = 1110;
				ORGANIZATIONNAME = popor;
				TargetAttributes = {
					18A06DE5237BCF7B0084506B = {
						CreatedOnToolsVersion = 11.1;
					};
				};
			};
			buildConfigurationList = 18A06DE1237BCF7A0084506B /* Build configuration list for PBXProject "PoporNetRecordMac" */;
			compatibilityVersion = "Xcode 9.3";
			developmentRegion = en;
			hasScannedForEncodings = 0;
			knownRegions = (
				en,
				Base,
			);
			mainGroup = 18A06DDD237BCF7A0084506B;
			productRefGroup = 18A06DE7237BCF7B0084506B /* Products */;
			projectDirPath = "";
			projectRoot = "";
			targets = (
				18A06DE5237BCF7B0084506B /* PoporNetRecordMac */,
			);
		};
/* End PBXProject section */

/* Begin PBXResourcesBuildPhase section */
		18A06DE4237BCF7B0084506B /* Resources */ = {
			isa = PBXResourcesBuildPhase;
			buildActionMask = 2147483647;
			files = (
				18A06DF0237BCF800084506B /* Assets.xcassets in Resources */,
				18A06DF3237BCF800084506B /* Main.storyboard in Resources */,
				18988F43238399CE00A1E082 /* icon.png in Resources */,
				18988F452383C2C800A1E082 /* icon_16x16.png in Resources */,
			);
			runOnlyForDeploymentPostprocessing = 0;
		};
/* End PBXResourcesBuildPhase section */

/* Begin PBXShellScriptBuildPhase section */
		EABF08B32336166AC9DA3588 /* [CP] Check Pods Manifest.lock */ = {
			isa = PBXShellScriptBuildPhase;
			buildActionMask = 2147483647;
			files = (
			);
			inputFileListPaths = (
			);
			inputPaths = (
				"${PODS_PODFILE_DIR_PATH}/Podfile.lock",
				"${PODS_ROOT}/Manifest.lock",
			);
			name = "[CP] Check Pods Manifest.lock";
			outputFileListPaths = (
			);
			outputPaths = (
				"$(DERIVED_FILE_DIR)/Pods-PoporNetRecordMac-checkManifestLockResult.txt",
			);
			runOnlyForDeploymentPostprocessing = 0;
			shellPath = /bin/sh;
			shellScript = "diff \"${PODS_PODFILE_DIR_PATH}/Podfile.lock\" \"${PODS_ROOT}/Manifest.lock\" > /dev/null\nif [ $? != 0 ] ; then\n    # print error to STDERR\n    echo \"error: The sandbox is not in sync with the Podfile.lock. Run 'pod install' or update your CocoaPods installation.\" >&2\n    exit 1\nfi\n# This output is used by Xcode 'outputs' to avoid re-running this script phase.\necho \"SUCCESS\" > \"${SCRIPT_OUTPUT_FILE_0}\"\n";
			showEnvVarsInLog = 0;
		};
/* End PBXShellScriptBuildPhase section */

/* Begin PBXSourcesBuildPhase section */
		18A06DE2237BCF7B0084506B /* Sources */ = {
			isa = PBXSourcesBuildPhase;
			buildActionMask = 2147483647;
			files = (
				18E3288E23B0943600DBCC27 /* PoporAppInfo.m in Sources */,
				18A06E19237BD1E20084506B /* NSTask+shell.m in Sources */,
				18A06E44237BFC320084506B /* EditableTextField.m in Sources */,
				183BE874238B68F900885F6C /* NSButton+pDrawRect.m in Sources */,
				18A06E17237BD1E20084506B /* NSBundle+Tool.m in Sources */,
				18A06E47237C051F0084506B /* PnrDeviceEntity.m in Sources */,
				18B3D63F23D1635A0054CDD6 /* NSData+CommonCrypto.m in Sources */,
				182CE846237CE30F00F33F61 /* PnrWebJs.m in Sources */,
				18A06E38237BECA90084506B /* ColumnEntity.m in Sources */,
				18A06E2C237BE9380084506B /* RootVCInteractor.m in Sources */,
				182CE849237CE30F00F33F61 /* PnrWebBodyRecord.m in Sources */,
				182CE851237CED9300F33F61 /* PoporNetRecord.m in Sources */,
				18C5D2E223ACC95C00C460DF /* PnrWebBodyTest.m in Sources */,
				183BE877238B770F00885F6C /* LLCustomBT.m in Sources */,
				18DF310A23C582CA006CE371 /* PnrWebBodyYcUrl.m in Sources */,
				18A06E2D237BE9380084506B /* RootVCPresenter.m in Sources */,
				18A06E2E237BE9380084506B /* RootVC.m in Sources */,
				18B3D64023D1635A0054CDD6 /* NSData+Base64.m in Sources */,
				18A06E18237BD1E20084506B /* iToast.m in Sources */,
				18A06E15237BD1E20084506B /* WindowFrameTool.m in Sources */,
				1807B32323B1BA1C0073A9E6 /* PnrWebBodyAdmin.m in Sources */,
				18A06E16237BD1E20084506B /* SqliteCofing.m in Sources */,
				18B3D63C23D1635A0054CDD6 /* NSString+Base64.m in Sources */,
				182CE83B237CE2B200F33F61 /* PnrCellEntity.m in Sources */,
				1868BF6123B4646400CAEC33 /* PnrPortEntity.m in Sources */,
				18A06DF6237BCF800084506B /* main.m in Sources */,
				1868BF6023B4646400CAEC33 /* PnrEntity.m in Sources */,
				18B3D63E23D1635A0054CDD6 /* AESCrypt.m in Sources */,
				182CE83C237CE2B200F33F61 /* PnrConfig.m in Sources */,
				185FD51C23AB6B8E00F80949 /* PnrRequestTestEntity.m in Sources */,
				182CE847237CE30F00F33F61 /* PnrWebCss.m in Sources */,
				18A06DEB237BCF7B0084506B /* AppDelegate.m in Sources */,
				182CE848237CE30F00F33F61 /* PnrWebServer.m in Sources */,
				18A06E3D237BEFFC0084506B /* ColumnTool.m in Sources */,
				18BAE79223826C3500BB6A3C /* NSView+Address.m in Sources */,
			);
			runOnlyForDeploymentPostprocessing = 0;
		};
/* End PBXSourcesBuildPhase section */

/* Begin PBXVariantGroup section */
		18A06DF1237BCF800084506B /* Main.storyboard */ = {
			isa = PBXVariantGroup;
			children = (
				18A06DF2237BCF800084506B /* Base */,
			);
			name = Main.storyboard;
			sourceTree = "<group>";
		};
/* End PBXVariantGroup section */

/* Begin XCBuildConfiguration section */
		18A06DF8237BCF800084506B /* Debug */ = {
			isa = XCBuildConfiguration;
			buildSettings = {
				ALWAYS_SEARCH_USER_PATHS = NO;
				CLANG_ANALYZER_NONNULL = YES;
				CLANG_ANALYZER_NUMBER_OBJECT_CONVERSION = YES_AGGRESSIVE;
				CLANG_CXX_LANGUAGE_STANDARD = "gnu++14";
				CLANG_CXX_LIBRARY = "libc++";
				CLANG_ENABLE_MODULES = YES;
				CLANG_ENABLE_OBJC_ARC = YES;
				CLANG_ENABLE_OBJC_WEAK = YES;
				CLANG_WARN_BLOCK_CAPTURE_AUTORELEASING = YES;
				CLANG_WARN_BOOL_CONVERSION = YES;
				CLANG_WARN_COMMA = YES;
				CLANG_WARN_CONSTANT_CONVERSION = YES;
				CLANG_WARN_DEPRECATED_OBJC_IMPLEMENTATIONS = YES;
				CLANG_WARN_DIRECT_OBJC_ISA_USAGE = YES_ERROR;
				CLANG_WARN_DOCUMENTATION_COMMENTS = YES;
				CLANG_WARN_EMPTY_BODY = YES;
				CLANG_WARN_ENUM_CONVERSION = YES;
				CLANG_WARN_INFINITE_RECURSION = YES;
				CLANG_WARN_INT_CONVERSION = YES;
				CLANG_WARN_NON_LITERAL_NULL_CONVERSION = YES;
				CLANG_WARN_OBJC_IMPLICIT_RETAIN_SELF = YES;
				CLANG_WARN_OBJC_LITERAL_CONVERSION = YES;
				CLANG_WARN_OBJC_ROOT_CLASS = YES_ERROR;
				CLANG_WARN_RANGE_LOOP_ANALYSIS = YES;
				CLANG_WARN_STRICT_PROTOTYPES = YES;
				CLANG_WARN_SUSPICIOUS_MOVE = YES;
				CLANG_WARN_UNGUARDED_AVAILABILITY = YES_AGGRESSIVE;
				CLANG_WARN_UNREACHABLE_CODE = YES;
				CLANG_WARN__DUPLICATE_METHOD_MATCH = YES;
				COPY_PHASE_STRIP = NO;
				DEBUG_INFORMATION_FORMAT = dwarf;
				ENABLE_STRICT_OBJC_MSGSEND = YES;
				ENABLE_TESTABILITY = YES;
				GCC_C_LANGUAGE_STANDARD = gnu11;
				GCC_DYNAMIC_NO_PIC = NO;
				GCC_NO_COMMON_BLOCKS = YES;
				GCC_OPTIMIZATION_LEVEL = 0;
				GCC_PREPROCESSOR_DEFINITIONS = (
					"DEBUG=1",
					"$(inherited)",
				);
				GCC_WARN_64_TO_32_BIT_CONVERSION = YES;
				GCC_WARN_ABOUT_RETURN_TYPE = YES_ERROR;
				GCC_WARN_UNDECLARED_SELECTOR = YES;
				GCC_WARN_UNINITIALIZED_AUTOS = YES_AGGRESSIVE;
				GCC_WARN_UNUSED_FUNCTION = YES;
				GCC_WARN_UNUSED_VARIABLE = YES;
				MACOSX_DEPLOYMENT_TARGET = 10.15;
				MTL_ENABLE_DEBUG_INFO = INCLUDE_SOURCE;
				MTL_FAST_MATH = YES;
				ONLY_ACTIVE_ARCH = YES;
				SDKROOT = macosx;
			};
			name = Debug;
		};
		18A06DF9237BCF800084506B /* Release */ = {
			isa = XCBuildConfiguration;
			buildSettings = {
				ALWAYS_SEARCH_USER_PATHS = NO;
				CLANG_ANALYZER_NONNULL = YES;
				CLANG_ANALYZER_NUMBER_OBJECT_CONVERSION = YES_AGGRESSIVE;
				CLANG_CXX_LANGUAGE_STANDARD = "gnu++14";
				CLANG_CXX_LIBRARY = "libc++";
				CLANG_ENABLE_MODULES = YES;
				CLANG_ENABLE_OBJC_ARC = YES;
				CLANG_ENABLE_OBJC_WEAK = YES;
				CLANG_WARN_BLOCK_CAPTURE_AUTORELEASING = YES;
				CLANG_WARN_BOOL_CONVERSION = YES;
				CLANG_WARN_COMMA = YES;
				CLANG_WARN_CONSTANT_CONVERSION = YES;
				CLANG_WARN_DEPRECATED_OBJC_IMPLEMENTATIONS = YES;
				CLANG_WARN_DIRECT_OBJC_ISA_USAGE = YES_ERROR;
				CLANG_WARN_DOCUMENTATION_COMMENTS = YES;
				CLANG_WARN_EMPTY_BODY = YES;
				CLANG_WARN_ENUM_CONVERSION = YES;
				CLANG_WARN_INFINITE_RECURSION = YES;
				CLANG_WARN_INT_CONVERSION = YES;
				CLANG_WARN_NON_LITERAL_NULL_CONVERSION = YES;
				CLANG_WARN_OBJC_IMPLICIT_RETAIN_SELF = YES;
				CLANG_WARN_OBJC_LITERAL_CONVERSION = YES;
				CLANG_WARN_OBJC_ROOT_CLASS = YES_ERROR;
				CLANG_WARN_RANGE_LOOP_ANALYSIS = YES;
				CLANG_WARN_STRICT_PROTOTYPES = YES;
				CLANG_WARN_SUSPICIOUS_MOVE = YES;
				CLANG_WARN_UNGUARDED_AVAILABILITY = YES_AGGRESSIVE;
				CLANG_WARN_UNREACHABLE_CODE = YES;
				CLANG_WARN__DUPLICATE_METHOD_MATCH = YES;
				COPY_PHASE_STRIP = NO;
				DEBUG_INFORMATION_FORMAT = "dwarf-with-dsym";
				ENABLE_NS_ASSERTIONS = NO;
				ENABLE_STRICT_OBJC_MSGSEND = YES;
				GCC_C_LANGUAGE_STANDARD = gnu11;
				GCC_NO_COMMON_BLOCKS = YES;
				GCC_WARN_64_TO_32_BIT_CONVERSION = YES;
				GCC_WARN_ABOUT_RETURN_TYPE = YES_ERROR;
				GCC_WARN_UNDECLARED_SELECTOR = YES;
				GCC_WARN_UNINITIALIZED_AUTOS = YES_AGGRESSIVE;
				GCC_WARN_UNUSED_FUNCTION = YES;
				GCC_WARN_UNUSED_VARIABLE = YES;
				MACOSX_DEPLOYMENT_TARGET = 10.15;
				MTL_ENABLE_DEBUG_INFO = NO;
				MTL_FAST_MATH = YES;
				SDKROOT = macosx;
			};
			name = Release;
		};
		18A06DFB237BCF800084506B /* Debug */ = {
			isa = XCBuildConfiguration;
			baseConfigurationReference = 272A82FDE599135FF461AD1C /* Pods-PoporNetRecordMac.debug.xcconfig */;
			buildSettings = {
				ASSETCATALOG_COMPILER_APPICON_NAME = AppIcon;
				CODE_SIGN_ENTITLEMENTS = PoporNetRecordMac/PoporNetRecordMac.entitlements;
				CODE_SIGN_STYLE = Automatic;
				COMBINE_HIDPI_IMAGES = YES;
				CURRENT_PROJECT_VERSION = 11;
				GCC_PREFIX_HEADER = PoporNetRecordMac/PoporNetRecordMac_prefix.h;
				INFOPLIST_FILE = PoporNetRecordMac/Info.plist;
				LD_RUNPATH_SEARCH_PATHS = (
					"$(inherited)",
					"@executable_path/../Frameworks",
				);
				MACOSX_DEPLOYMENT_TARGET = 10.15;
				MARKETING_VERSION = 1.11;
				PRODUCT_BUNDLE_IDENTIFIER = com.ifcar99.PoporNetRecordMac;
				PRODUCT_NAME = "$(TARGET_NAME)";
			};
			name = Debug;
		};
		18A06DFC237BCF800084506B /* Release */ = {
			isa = XCBuildConfiguration;
			baseConfigurationReference = D329B8CD1C3EC314B48AB38C /* Pods-PoporNetRecordMac.release.xcconfig */;
			buildSettings = {
				ASSETCATALOG_COMPILER_APPICON_NAME = AppIcon;
				CODE_SIGN_ENTITLEMENTS = PoporNetRecordMac/PoporNetRecordMac.entitlements;
				CODE_SIGN_STYLE = Automatic;
				COMBINE_HIDPI_IMAGES = YES;
				CURRENT_PROJECT_VERSION = 11;
				GCC_PREFIX_HEADER = PoporNetRecordMac/PoporNetRecordMac_prefix.h;
				INFOPLIST_FILE = PoporNetRecordMac/Info.plist;
				LD_RUNPATH_SEARCH_PATHS = (
					"$(inherited)",
					"@executable_path/../Frameworks",
				);
				MACOSX_DEPLOYMENT_TARGET = 10.15;
				MARKETING_VERSION = 1.11;
				PRODUCT_BUNDLE_IDENTIFIER = com.ifcar99.PoporNetRecordMac;
				PRODUCT_NAME = "$(TARGET_NAME)";
			};
			name = Release;
		};
/* End XCBuildConfiguration section */

/* Begin XCConfigurationList section */
		18A06DE1237BCF7A0084506B /* Build configuration list for PBXProject "PoporNetRecordMac" */ = {
			isa = XCConfigurationList;
			buildConfigurations = (
				18A06DF8237BCF800084506B /* Debug */,
				18A06DF9237BCF800084506B /* Release */,
			);
			defaultConfigurationIsVisible = 0;
			defaultConfigurationName = Release;
		};
		18A06DFA237BCF800084506B /* Build configuration list for PBXNativeTarget "PoporNetRecordMac" */ = {
			isa = XCConfigurationList;
			buildConfigurations = (
				18A06DFB237BCF800084506B /* Debug */,
				18A06DFC237BCF800084506B /* Release */,
			);
			defaultConfigurationIsVisible = 0;
			defaultConfigurationName = Release;
		};
/* End XCConfigurationList section */
	};
	rootObject = 18A06DDE237BCF7A0084506B /* Project object */;
}
